
Microsoft Visual Studio Solution File, Format Version 12.00
# Visual Studio 15
VisualStudioVersion = 15.0.27703.2000
MinimumVisualStudioVersion = 10.0.40219.1
Project("{9A19103F-16F7-4668-BE54-9A1E7A4F7556}") = "AdminDashboardService", "AdminDashboardService\AdminDashboardService.csproj", "{224E8E8E-36FF-4155-80E1-6A3A9BD43DB5}"
EndProject
Project("{9A19103F-16F7-4668-BE54-9A1E7A4F7556}") = "AdminDashboardServiceUnitTests", "AdminDashboardServiceUnitTests\AdminDashboardServiceUnitTests.csproj", "{4DE9373C-295D-48CF-900C-ED61E5038155}"
EndProject
Global
	GlobalSection(SolutionConfigurationPlatforms) = preSolution
		Debug|Any CPU = Debug|Any CPU
		Release|Any CPU = Release|Any CPU
	EndGlobalSection
	GlobalSection(ProjectConfigurationPlatforms) = postSolution
		{224E8E8E-36FF-4155-80E1-6A3A9BD43DB5}.Debug|Any CPU.ActiveCfg = Debug|Any CPU
		{224E8E8E-36FF-4155-80E1-6A3A9BD43DB5}.Debug|Any CPU.Build.0 = Debug|Any CPU
		{224E8E8E-36FF-4155-80E1-6A3A9BD43DB5}.Release|Any CPU.ActiveCfg = Release|Any CPU
		{224E8E8E-36FF-4155-80E1-6A3A9BD43DB5}.Release|Any CPU.Build.0 = Release|Any CPU
		{4DE9373C-295D-48CF-900C-ED61E5038155}.Debug|Any CPU.ActiveCfg = Debug|Any CPU
		{4DE9373C-295D-48CF-900C-ED61E5038155}.Debug|Any CPU.Build.0 = Debug|Any CPU
		{4DE9373C-295D-48CF-900C-ED61E5038155}.Release|Any CPU.ActiveCfg = Release|Any CPU
		{4DE9373C-295D-48CF-900C-ED61E5038155}.Release|Any CPU.Build.0 = Release|Any CPU
	EndGlobalSection
	GlobalSection(SolutionProperties) = preSolution
		HideSolutionNode = FALSE
	EndGlobalSection
	GlobalSection(ExtensibilityGlobals) = postSolution
		SolutionGuid = {36CC156E-FB04-481A-A03A-FEBC06E90B36}
	EndGlobalSection
EndGlobal
